
Microsoft Visual Studio Solution File, Format Version 12.00
# Visual Studio 2012
Project("{FAE04EC0-301F-11D3-BF4B-00C04F79EFBC}") = "qdf.AcceptanceTests", "qdf.AcceptanceTests\qdf.AcceptanceTests.csproj", "{5BCFA225-DC6E-45C0-8EBE-6CEC862DD070}"
EndProject
Project("{2150E333-8FDC-42A3-9474-1A3956D46DE8}") = ".nuget", ".nuget", "{F6EF0C23-EAC7-416A-BB1F-9A813F31D9A2}"
	ProjectSection(SolutionItems) = preProject
		.nuget\packages.config = .nuget\packages.config
	EndProjectSection
EndProject
Project("{FAE04EC0-301F-11D3-BF4B-00C04F79EFBC}") = "Alpari.QualityAssurance.SpecFlowExtensions", "Alpari.QualityAssurance.SpecFlowExtensions\Alpari.QualityAssurance.SpecFlowExtensions.csproj", "{CEBBC3B4-E690-4F96-8B25-1080B7FBFAD4}"
EndProject
Project("{FAE04EC0-301F-11D3-BF4B-00C04F79EFBC}") = "Alpari.QualityAssurance.SecureMyPassword", "Alpari.QualityAssurance.SecureMyPassword\Alpari.QualityAssurance.SecureMyPassword.csproj", "{27C0B243-5CCC-466C-BD7F-57F5BF6D3912}"
EndProject
Project("{FAE04EC0-301F-11D3-BF4B-00C04F79EFBC}") = "Alpari.QualityAssurance.SecureMyPassword.Tests", "Alpari.QualityAssurance.SecureMyPassword.Tests\Alpari.QualityAssurance.SecureMyPassword.Tests.csproj", "{2AE9B6EE-15BC-4B53-A9F5-E99325E0C9DD}"
EndProject
Project("{FAE04EC0-301F-11D3-BF4B-00C04F79EFBC}") = "Alpari.QualityAssurance.RefData", "Alpari.QualityAssurance.RefData\Alpari.QualityAssurance.RefData.csproj", "{4C580F04-B06A-4CF2-A646-6139A2BB1FFF}"
EndProject
Project("{FAE04EC0-301F-11D3-BF4B-00C04F79EFBC}") = "Alpari.QualityAssurance.RefData.Tests", "Alpari.QualityAssurance.RefData.Tests\Alpari.QualityAssurance.RefData.Tests.csproj", "{06F25AC3-AF54-4D89-87D8-F2DF44428A7E}"
EndProject
Global
	GlobalSection(SolutionConfigurationPlatforms) = preSolution
		Debug|Any CPU = Debug|Any CPU
		Release|Any CPU = Release|Any CPU
	EndGlobalSection
	GlobalSection(ProjectConfigurationPlatforms) = postSolution
		{5BCFA225-DC6E-45C0-8EBE-6CEC862DD070}.Debug|Any CPU.ActiveCfg = Debug|Any CPU
		{5BCFA225-DC6E-45C0-8EBE-6CEC862DD070}.Debug|Any CPU.Build.0 = Debug|Any CPU
		{5BCFA225-DC6E-45C0-8EBE-6CEC862DD070}.Release|Any CPU.ActiveCfg = Release|Any CPU
		{5BCFA225-DC6E-45C0-8EBE-6CEC862DD070}.Release|Any CPU.Build.0 = Release|Any CPU
		{CEBBC3B4-E690-4F96-8B25-1080B7FBFAD4}.Debug|Any CPU.ActiveCfg = Debug|Any CPU
		{CEBBC3B4-E690-4F96-8B25-1080B7FBFAD4}.Debug|Any CPU.Build.0 = Debug|Any CPU
		{CEBBC3B4-E690-4F96-8B25-1080B7FBFAD4}.Release|Any CPU.ActiveCfg = Release|Any CPU
		{CEBBC3B4-E690-4F96-8B25-1080B7FBFAD4}.Release|Any CPU.Build.0 = Release|Any CPU
		{27C0B243-5CCC-466C-BD7F-57F5BF6D3912}.Debug|Any CPU.ActiveCfg = Debug|Any CPU
		{27C0B243-5CCC-466C-BD7F-57F5BF6D3912}.Debug|Any CPU.Build.0 = Debug|Any CPU
		{27C0B243-5CCC-466C-BD7F-57F5BF6D3912}.Release|Any CPU.ActiveCfg = Release|Any CPU
		{27C0B243-5CCC-466C-BD7F-57F5BF6D3912}.Release|Any CPU.Build.0 = Release|Any CPU
		{2AE9B6EE-15BC-4B53-A9F5-E99325E0C9DD}.Debug|Any CPU.ActiveCfg = Debug|Any CPU
		{2AE9B6EE-15BC-4B53-A9F5-E99325E0C9DD}.Debug|Any CPU.Build.0 = Debug|Any CPU
		{2AE9B6EE-15BC-4B53-A9F5-E99325E0C9DD}.Release|Any CPU.ActiveCfg = Release|Any CPU
		{2AE9B6EE-15BC-4B53-A9F5-E99325E0C9DD}.Release|Any CPU.Build.0 = Release|Any CPU
		{4C580F04-B06A-4CF2-A646-6139A2BB1FFF}.Debug|Any CPU.ActiveCfg = Debug|Any CPU
		{4C580F04-B06A-4CF2-A646-6139A2BB1FFF}.Debug|Any CPU.Build.0 = Debug|Any CPU
		{4C580F04-B06A-4CF2-A646-6139A2BB1FFF}.Release|Any CPU.ActiveCfg = Release|Any CPU
		{4C580F04-B06A-4CF2-A646-6139A2BB1FFF}.Release|Any CPU.Build.0 = Release|Any CPU
		{06F25AC3-AF54-4D89-87D8-F2DF44428A7E}.Debug|Any CPU.ActiveCfg = Debug|Any CPU
		{06F25AC3-AF54-4D89-87D8-F2DF44428A7E}.Debug|Any CPU.Build.0 = Debug|Any CPU
		{06F25AC3-AF54-4D89-87D8-F2DF44428A7E}.Release|Any CPU.ActiveCfg = Release|Any CPU
		{06F25AC3-AF54-4D89-87D8-F2DF44428A7E}.Release|Any CPU.Build.0 = Release|Any CPU
	EndGlobalSection
	GlobalSection(SolutionProperties) = preSolution
		HideSolutionNode = FALSE
	EndGlobalSection
EndGlobal
