
Microsoft Visual Studio Solution File, Format Version 12.00
# Visual Studio 2012
Project("{FAE04EC0-301F-11D3-BF4B-00C04F79EFBC}") = "qdf.AcceptanceTests", "qdf.AcceptanceTests\qdf.AcceptanceTests.csproj", "{5BCFA225-DC6E-45C0-8EBE-6CEC862DD070}"
EndProject
Project("{2150E333-8FDC-42A3-9474-1A3956D46DE8}") = ".nuget", ".nuget", "{F6EF0C23-EAC7-416A-BB1F-9A813F31D9A2}"
	ProjectSection(SolutionItems) = preProject
		.nuget\NuGet.Config = .nuget\NuGet.Config
		.nuget\NuGet.exe = .nuget\NuGet.exe
		.nuget\NuGet.targets = .nuget\NuGet.targets
		.nuget\packages.config = .nuget\packages.config
	EndProjectSection
EndProject
Project("{FAE04EC0-301F-11D3-BF4B-00C04F79EFBC}") = "Alpari.QualityAssurance.SpecFlowExtensions", "Alpari.QualityAssurance.SpecFlowExtensions\Alpari.QualityAssurance.SpecFlowExtensions.csproj", "{CEBBC3B4-E690-4F96-8B25-1080B7FBFAD4}"
EndProject
Project("{FAE04EC0-301F-11D3-BF4B-00C04F79EFBC}") = "Alpari.QualityAssurance.SecureMyPassword", "Alpari.QualityAssurance.SecureMyPassword\Alpari.QualityAssurance.SecureMyPassword.csproj", "{27C0B243-5CCC-466C-BD7F-57F5BF6D3912}"
EndProject
Project("{FAE04EC0-301F-11D3-BF4B-00C04F79EFBC}") = "Alpari.QualityAssurance.SecureMyPassword.Tests", "Alpari.QualityAssurance.SecureMyPassword.Tests\Alpari.QualityAssurance.SecureMyPassword.Tests.csproj", "{2AE9B6EE-15BC-4B53-A9F5-E99325E0C9DD}"
EndProject
Project("{FAE04EC0-301F-11D3-BF4B-00C04F79EFBC}") = "Alpari.QualityAssurance.RefData", "Alpari.QualityAssurance.RefData\Alpari.QualityAssurance.RefData.csproj", "{4C580F04-B06A-4CF2-A646-6139A2BB1FFF}"
EndProject
Project("{FAE04EC0-301F-11D3-BF4B-00C04F79EFBC}") = "Alpari.QualityAssurance.RefData.Tests", "Alpari.QualityAssurance.RefData.Tests\Alpari.QualityAssurance.RefData.Tests.csproj", "{06F25AC3-AF54-4D89-87D8-F2DF44428A7E}"
EndProject
Project("{FAE04EC0-301F-11D3-BF4B-00C04F79EFBC}") = "Alpari.QDF.UIClient.App", "Alpari.QDF.UIClient.App\Alpari.QDF.UIClient.App.csproj", "{282CA8F0-F64E-4A8F-B829-15B95253DEBC}"
EndProject
Project("{FAE04EC0-301F-11D3-BF4B-00C04F79EFBC}") = "Alpari.QDF.UIClient.Gui", "Alpari.QDF.UIClient.Gui\Alpari.QDF.UIClient.Gui.csproj", "{4D980F00-55DD-4B61-A77B-0F991F202063}"
EndProject
Project("{FAE04EC0-301F-11D3-BF4B-00C04F79EFBC}") = "Alpari.QDF.UIClient.Tests", "Alpari.QDF.UIClient.Tests\Alpari.QDF.UIClient.Tests.csproj", "{555BDD84-1CB6-4D07-8A1A-5B2A01AE5BCB}"
EndProject
Project("{FAE04EC0-301F-11D3-BF4B-00C04F79EFBC}") = "CompareCnxHubCsvWithRedisCnxDeals", "CompareCnxHubCsvWithRedisCnxDeals\CompareCnxHubCsvWithRedisCnxDeals.csproj", "{31CCB435-04E4-401E-AAFB-3F186A3F9D40}"
EndProject
Project("{FAE04EC0-301F-11D3-BF4B-00C04F79EFBC}") = "Alpari.QualityAssurance.Cnx2Redis.Tests", "Alpari.QualityAssurance.Cnx2Redis.Tests\Alpari.QualityAssurance.Cnx2Redis.Tests\Alpari.QualityAssurance.Cnx2Redis.Tests.csproj", "{C91FBE3F-3F22-4E79-87B8-182A168C3E3A}"
EndProject
Project("{FAE04EC0-301F-11D3-BF4B-00C04F79EFBC}") = "Alpari.QualityAssurance.RedisConfig", "Alpari.QualityAssurance.RedisConfig\Alpari.QualityAssurance.RedisConfig.csproj", "{DCA2F5B1-3796-4146-9272-0FE574B317C9}"
EndProject
Project("{FAE04EC0-301F-11D3-BF4B-00C04F79EFBC}") = "Alpari.QA.ProcessRunner", "Alpari.QA.ProcessRunner\Alpari.QA.ProcessRunner.csproj", "{1541F9F0-19F6-41C0-B8D9-8A7829A54C52}"
EndProject
Project("{FAE04EC0-301F-11D3-BF4B-00C04F79EFBC}") = "Alpari.QA.ProcessRunner.Tests", "Alpari.QA.ProcessRunner.Tests\Alpari.QA.ProcessRunner.Tests.csproj", "{ADACE309-77F2-450F-BC65-C4B21AC5DB77}"
EndProject
Project("{FAE04EC0-301F-11D3-BF4B-00C04F79EFBC}") = "Alpari.QA.Six06Console.Tests", "Alpari.QA.Six06Console.Tests\Alpari.QA.Six06Console.Tests.csproj", "{56D49302-B085-49BA-B90D-773FE1E591C8}"
EndProject
Project("{FAE04EC0-301F-11D3-BF4B-00C04F79EFBC}") = "Alpari.QA.QDF.Test.Domain", "Alpari.QA.QDF.Test.Domain\Alpari.QA.QDF.Test.Domain.csproj", "{29C6F863-C3F7-4B80-8212-7B3A5389BDCB}"
EndProject
Project("{FAE04EC0-301F-11D3-BF4B-00C04F79EFBC}") = "Alpari.QDF.ConversionRateData", "Alpari.QDF.ConversionRateData\Alpari.QDF.ConversionRateData.csproj", "{4FE5F199-305F-4C89-8268-E7D622A76305}"
EndProject
Project("{FAE04EC0-301F-11D3-BF4B-00C04F79EFBC}") = "Alpari.QA.CC.MT4Positions2RedisTests", "Alpari.QA.CC.MT4Positions2RedisTests\Alpari.QA.CC.MT4Positions2RedisTests.csproj", "{E37CDE25-CF60-442A-BF27-A75CBE64DB9E}"
EndProject
Project("{FAE04EC0-301F-11D3-BF4B-00C04F79EFBC}") = "Alpari.QA.WMIExtensions", "Alpari.QA.WMIExtensions\Alpari.QA.WMIExtensions.csproj", "{0E8B31DC-BA1F-4116-9E51-DA3249915BD3}"
EndProject
Project("{FAE04EC0-301F-11D3-BF4B-00C04F79EFBC}") = "Alpari.QualityAssurance.SpecFlowExtensions.Tests", "Alpari.QualityAssurance.SpecFlowExtensions.Tests\Alpari.QualityAssurance.SpecFlowExtensions.Tests.csproj", "{D4177B4B-F0A9-4E32-9580-C98E3F71D93D}"
EndProject
Global
	GlobalSection(SolutionConfigurationPlatforms) = preSolution
		Debug|Any CPU = Debug|Any CPU
		Release|Any CPU = Release|Any CPU
	EndGlobalSection
	GlobalSection(ProjectConfigurationPlatforms) = postSolution
		{5BCFA225-DC6E-45C0-8EBE-6CEC862DD070}.Debug|Any CPU.ActiveCfg = Debug|Any CPU
		{5BCFA225-DC6E-45C0-8EBE-6CEC862DD070}.Debug|Any CPU.Build.0 = Debug|Any CPU
		{5BCFA225-DC6E-45C0-8EBE-6CEC862DD070}.Release|Any CPU.ActiveCfg = Release|Any CPU
		{5BCFA225-DC6E-45C0-8EBE-6CEC862DD070}.Release|Any CPU.Build.0 = Release|Any CPU
		{CEBBC3B4-E690-4F96-8B25-1080B7FBFAD4}.Debug|Any CPU.ActiveCfg = Debug|Any CPU
		{CEBBC3B4-E690-4F96-8B25-1080B7FBFAD4}.Debug|Any CPU.Build.0 = Debug|Any CPU
		{CEBBC3B4-E690-4F96-8B25-1080B7FBFAD4}.Release|Any CPU.ActiveCfg = Release|Any CPU
		{CEBBC3B4-E690-4F96-8B25-1080B7FBFAD4}.Release|Any CPU.Build.0 = Release|Any CPU
		{27C0B243-5CCC-466C-BD7F-57F5BF6D3912}.Debug|Any CPU.ActiveCfg = Debug|Any CPU
		{27C0B243-5CCC-466C-BD7F-57F5BF6D3912}.Debug|Any CPU.Build.0 = Debug|Any CPU
		{27C0B243-5CCC-466C-BD7F-57F5BF6D3912}.Release|Any CPU.ActiveCfg = Release|Any CPU
		{27C0B243-5CCC-466C-BD7F-57F5BF6D3912}.Release|Any CPU.Build.0 = Release|Any CPU
		{2AE9B6EE-15BC-4B53-A9F5-E99325E0C9DD}.Debug|Any CPU.ActiveCfg = Debug|Any CPU
		{2AE9B6EE-15BC-4B53-A9F5-E99325E0C9DD}.Debug|Any CPU.Build.0 = Debug|Any CPU
		{2AE9B6EE-15BC-4B53-A9F5-E99325E0C9DD}.Release|Any CPU.ActiveCfg = Release|Any CPU
		{2AE9B6EE-15BC-4B53-A9F5-E99325E0C9DD}.Release|Any CPU.Build.0 = Release|Any CPU
		{4C580F04-B06A-4CF2-A646-6139A2BB1FFF}.Debug|Any CPU.ActiveCfg = Debug|Any CPU
		{4C580F04-B06A-4CF2-A646-6139A2BB1FFF}.Debug|Any CPU.Build.0 = Debug|Any CPU
		{4C580F04-B06A-4CF2-A646-6139A2BB1FFF}.Release|Any CPU.ActiveCfg = Release|Any CPU
		{4C580F04-B06A-4CF2-A646-6139A2BB1FFF}.Release|Any CPU.Build.0 = Release|Any CPU
		{06F25AC3-AF54-4D89-87D8-F2DF44428A7E}.Debug|Any CPU.ActiveCfg = Debug|Any CPU
		{06F25AC3-AF54-4D89-87D8-F2DF44428A7E}.Debug|Any CPU.Build.0 = Debug|Any CPU
		{06F25AC3-AF54-4D89-87D8-F2DF44428A7E}.Release|Any CPU.ActiveCfg = Release|Any CPU
		{06F25AC3-AF54-4D89-87D8-F2DF44428A7E}.Release|Any CPU.Build.0 = Release|Any CPU
		{282CA8F0-F64E-4A8F-B829-15B95253DEBC}.Debug|Any CPU.ActiveCfg = Debug|Any CPU
		{282CA8F0-F64E-4A8F-B829-15B95253DEBC}.Debug|Any CPU.Build.0 = Debug|Any CPU
		{282CA8F0-F64E-4A8F-B829-15B95253DEBC}.Debug|Any CPU.Deploy.0 = Debug|Any CPU
		{282CA8F0-F64E-4A8F-B829-15B95253DEBC}.Release|Any CPU.ActiveCfg = Release|Any CPU
		{282CA8F0-F64E-4A8F-B829-15B95253DEBC}.Release|Any CPU.Build.0 = Release|Any CPU
		{4D980F00-55DD-4B61-A77B-0F991F202063}.Debug|Any CPU.ActiveCfg = Debug|Any CPU
		{4D980F00-55DD-4B61-A77B-0F991F202063}.Debug|Any CPU.Build.0 = Debug|Any CPU
		{4D980F00-55DD-4B61-A77B-0F991F202063}.Release|Any CPU.ActiveCfg = Release|Any CPU
		{4D980F00-55DD-4B61-A77B-0F991F202063}.Release|Any CPU.Build.0 = Release|Any CPU
		{555BDD84-1CB6-4D07-8A1A-5B2A01AE5BCB}.Debug|Any CPU.ActiveCfg = Debug|Any CPU
		{555BDD84-1CB6-4D07-8A1A-5B2A01AE5BCB}.Debug|Any CPU.Build.0 = Debug|Any CPU
		{555BDD84-1CB6-4D07-8A1A-5B2A01AE5BCB}.Debug|Any CPU.Deploy.0 = Debug|Any CPU
		{555BDD84-1CB6-4D07-8A1A-5B2A01AE5BCB}.Release|Any CPU.ActiveCfg = Release|Any CPU
		{555BDD84-1CB6-4D07-8A1A-5B2A01AE5BCB}.Release|Any CPU.Build.0 = Release|Any CPU
		{31CCB435-04E4-401E-AAFB-3F186A3F9D40}.Debug|Any CPU.ActiveCfg = Debug|Any CPU
		{31CCB435-04E4-401E-AAFB-3F186A3F9D40}.Debug|Any CPU.Build.0 = Debug|Any CPU
		{31CCB435-04E4-401E-AAFB-3F186A3F9D40}.Release|Any CPU.ActiveCfg = Release|Any CPU
		{31CCB435-04E4-401E-AAFB-3F186A3F9D40}.Release|Any CPU.Build.0 = Release|Any CPU
		{C91FBE3F-3F22-4E79-87B8-182A168C3E3A}.Debug|Any CPU.ActiveCfg = Debug|Any CPU
		{C91FBE3F-3F22-4E79-87B8-182A168C3E3A}.Debug|Any CPU.Build.0 = Debug|Any CPU
		{C91FBE3F-3F22-4E79-87B8-182A168C3E3A}.Release|Any CPU.ActiveCfg = Release|Any CPU
		{C91FBE3F-3F22-4E79-87B8-182A168C3E3A}.Release|Any CPU.Build.0 = Release|Any CPU
		{DCA2F5B1-3796-4146-9272-0FE574B317C9}.Debug|Any CPU.ActiveCfg = Debug|Any CPU
		{DCA2F5B1-3796-4146-9272-0FE574B317C9}.Debug|Any CPU.Build.0 = Debug|Any CPU
		{DCA2F5B1-3796-4146-9272-0FE574B317C9}.Release|Any CPU.ActiveCfg = Release|Any CPU
		{DCA2F5B1-3796-4146-9272-0FE574B317C9}.Release|Any CPU.Build.0 = Release|Any CPU
		{1541F9F0-19F6-41C0-B8D9-8A7829A54C52}.Debug|Any CPU.ActiveCfg = Debug|Any CPU
		{1541F9F0-19F6-41C0-B8D9-8A7829A54C52}.Debug|Any CPU.Build.0 = Debug|Any CPU
		{1541F9F0-19F6-41C0-B8D9-8A7829A54C52}.Release|Any CPU.ActiveCfg = Release|Any CPU
		{1541F9F0-19F6-41C0-B8D9-8A7829A54C52}.Release|Any CPU.Build.0 = Release|Any CPU
		{ADACE309-77F2-450F-BC65-C4B21AC5DB77}.Debug|Any CPU.ActiveCfg = Debug|Any CPU
		{ADACE309-77F2-450F-BC65-C4B21AC5DB77}.Debug|Any CPU.Build.0 = Debug|Any CPU
		{ADACE309-77F2-450F-BC65-C4B21AC5DB77}.Release|Any CPU.ActiveCfg = Release|Any CPU
		{ADACE309-77F2-450F-BC65-C4B21AC5DB77}.Release|Any CPU.Build.0 = Release|Any CPU
		{56D49302-B085-49BA-B90D-773FE1E591C8}.Debug|Any CPU.ActiveCfg = Debug|Any CPU
		{56D49302-B085-49BA-B90D-773FE1E591C8}.Debug|Any CPU.Build.0 = Debug|Any CPU
		{56D49302-B085-49BA-B90D-773FE1E591C8}.Release|Any CPU.ActiveCfg = Release|Any CPU
		{56D49302-B085-49BA-B90D-773FE1E591C8}.Release|Any CPU.Build.0 = Release|Any CPU
		{29C6F863-C3F7-4B80-8212-7B3A5389BDCB}.Debug|Any CPU.ActiveCfg = Debug|Any CPU
		{29C6F863-C3F7-4B80-8212-7B3A5389BDCB}.Debug|Any CPU.Build.0 = Debug|Any CPU
		{29C6F863-C3F7-4B80-8212-7B3A5389BDCB}.Release|Any CPU.ActiveCfg = Release|Any CPU
		{29C6F863-C3F7-4B80-8212-7B3A5389BDCB}.Release|Any CPU.Build.0 = Release|Any CPU
		{4FE5F199-305F-4C89-8268-E7D622A76305}.Debug|Any CPU.ActiveCfg = Debug|Any CPU
		{4FE5F199-305F-4C89-8268-E7D622A76305}.Debug|Any CPU.Build.0 = Debug|Any CPU
		{4FE5F199-305F-4C89-8268-E7D622A76305}.Release|Any CPU.ActiveCfg = Release|Any CPU
		{4FE5F199-305F-4C89-8268-E7D622A76305}.Release|Any CPU.Build.0 = Release|Any CPU
		{E37CDE25-CF60-442A-BF27-A75CBE64DB9E}.Debug|Any CPU.ActiveCfg = Debug|Any CPU
		{E37CDE25-CF60-442A-BF27-A75CBE64DB9E}.Debug|Any CPU.Build.0 = Debug|Any CPU
		{E37CDE25-CF60-442A-BF27-A75CBE64DB9E}.Release|Any CPU.ActiveCfg = Release|Any CPU
		{E37CDE25-CF60-442A-BF27-A75CBE64DB9E}.Release|Any CPU.Build.0 = Release|Any CPU
		{0E8B31DC-BA1F-4116-9E51-DA3249915BD3}.Debug|Any CPU.ActiveCfg = Debug|Any CPU
		{0E8B31DC-BA1F-4116-9E51-DA3249915BD3}.Debug|Any CPU.Build.0 = Debug|Any CPU
		{0E8B31DC-BA1F-4116-9E51-DA3249915BD3}.Release|Any CPU.ActiveCfg = Release|Any CPU
		{0E8B31DC-BA1F-4116-9E51-DA3249915BD3}.Release|Any CPU.Build.0 = Release|Any CPU
		{D4177B4B-F0A9-4E32-9580-C98E3F71D93D}.Debug|Any CPU.ActiveCfg = Debug|Any CPU
		{D4177B4B-F0A9-4E32-9580-C98E3F71D93D}.Debug|Any CPU.Build.0 = Debug|Any CPU
		{D4177B4B-F0A9-4E32-9580-C98E3F71D93D}.Release|Any CPU.ActiveCfg = Release|Any CPU
		{D4177B4B-F0A9-4E32-9580-C98E3F71D93D}.Release|Any CPU.Build.0 = Release|Any CPU
	EndGlobalSection
	GlobalSection(SolutionProperties) = preSolution
		HideSolutionNode = FALSE
	EndGlobalSection
EndGlobal
